// !$*UTF8*$!
{
	archiveVersion = 1;
	classes = {
	};
	objectVersion = 46;
	objects = {

/* Begin PBXAggregateTarget section */
		327BAE5A1F16284800CE5E97 /* Export */ = {
			isa = PBXAggregateTarget;
			buildConfigurationList = 327BAE5B1F16284800CE5E97 /* Build configuration list for PBXAggregateTarget "Export" */;
			buildPhases = (
				327BAE5E1F16284E00CE5E97 /* ShellScript */,
			);
			dependencies = (
			);
			name = Export;
			productName = Export;
		};
/* End PBXAggregateTarget section */

/* Begin PBXFileReference section */
		327BAE541F16262800CE5E97 /* Contents */ = {isa = PBXFileReference; lastKnownFileType = folder; name = Contents; path = ../../Format.sketchplugin/Contents; sourceTree = "<group>"; };
/* End PBXFileReference section */

/* Begin PBXGroup section */
		327BAE411F16250300CE5E97 = {
			isa = PBXGroup;
			children = (
				327BAE541F16262800CE5E97 /* Contents */,
				327BAE4B1F16250300CE5E97 /* Products */,
			);
			sourceTree = "<group>";
		};
		327BAE4B1F16250300CE5E97 /* Products */ = {
			isa = PBXGroup;
			children = (
			);
			name = Products;
			sourceTree = "<group>";
		};
/* End PBXGroup section */

/* Begin PBXProject section */
		327BAE421F16250300CE5E97 /* Project object */ = {
			isa = PBXProject;
			attributes = {
				LastUpgradeCheck = 0830;
				ORGANIZATIONNAME = madordie;
				TargetAttributes = {
					327BAE5A1F16284800CE5E97 = {
						CreatedOnToolsVersion = 8.3.3;
						DevelopmentTeam = JW6AL86C37;
						ProvisioningStyle = Automatic;
					};
				};
			};
			buildConfigurationList = 327BAE451F16250300CE5E97 /* Build configuration list for PBXProject "Export" */;
			compatibilityVersion = "Xcode 3.2";
			developmentRegion = English;
			hasScannedForEncodings = 0;
			knownRegions = (
				en,
			);
			mainGroup = 327BAE411F16250300CE5E97;
			productRefGroup = 327BAE4B1F16250300CE5E97 /* Products */;
			projectDirPath = "";
			projectRoot = "";
			targets = (
				327BAE5A1F16284800CE5E97 /* Export */,
			);
		};
/* End PBXProject section */

/* Begin PBXShellScriptBuildPhase section */
		327BAE5E1F16284E00CE5E97 /* ShellScript */ = {
			isa = PBXShellScriptBuildPhase;
			buildActionMask = 2147483647;
			files = (
			);
			inputPaths = (
			);
			outputPaths = (
			);
			runOnlyForDeploymentPostprocessing = 0;
			shellPath = /bin/sh;
			shellScript = "PLUGIN=\"Format.sketchplugin\"\n\ncd './../../'\ncp -r \"${PLUGIN}\" \"${HOME}/Library/Application Support/com.bohemiancoding.sketch3/Plugins\"";
		};
/* End PBXShellScriptBuildPhase section */

/* Begin XCBuildConfiguration section */
		327BAE4F1F16250300CE5E97 /* Debug */ = {
			isa = XCBuildConfiguration;
			buildSettings = {
				ALWAYS_SEARCH_USER_PATHS = NO;
				CLANG_ANALYZER_NONNULL = YES;
				CLANG_ANALYZER_NUMBER_OBJECT_CONVERSION = YES_AGGRESSIVE;
				CLANG_CXX_LANGUAGE_STANDARD = "gnu++0x";
				CLANG_CXX_LIBRARY = "libc++";
				CLANG_ENABLE_MODULES = YES;
				CLANG_ENABLE_OBJC_ARC = YES;
				CLANG_WARN_BOOL_CONVERSION = YES;
				CLANG_WARN_CONSTANT_CONVERSION = YES;
				CLANG_WARN_DIRECT_OBJC_ISA_USAGE = YES_ERROR;
				CLANG_WARN_DOCUMENTATION_COMMENTS = YES;
				CLANG_WARN_EMPTY_BODY = YES;
				CLANG_WARN_ENUM_CONVERSION = YES;
				CLANG_WARN_INFINITE_RECURSION = YES;
				CLANG_WARN_INT_CONVERSION = YES;
				CLANG_WARN_OBJC_ROOT_CLASS = YES_ERROR;
				CLANG_WARN_SUSPICIOUS_MOVE = YES;
				CLANG_WARN_UNREACHABLE_CODE = YES;
				CLANG_WARN__DUPLICATE_METHOD_MATCH = YES;
				CODE_SIGN_IDENTITY = "-";
				COPY_PHASE_STRIP = NO;
				DEBUG_INFORMATION_FORMAT = dwarf;
				ENABLE_STRICT_OBJC_MSGSEND = YES;
				ENABLE_TESTABILITY = YES;
				GCC_C_LANGUAGE_STANDARD = gnu99;
				GCC_DYNAMIC_NO_PIC = NO;
				GCC_NO_COMMON_BLOCKS = YES;
				GCC_OPTIMIZATION_LEVEL = 0;
				GCC_PREPROCESSOR_DEFINITIONS = (
					"DEBUG=1",
					"$(inherited)",
				);
				GCC_WARN_64_TO_32_BIT_CONVERSION = YES;
				GCC_WARN_ABOUT_RETURN_TYPE = YES_ERROR;
				GCC_WARN_UNDECLARED_SELECTOR = YES;
				GCC_WARN_UNINITIALIZED_AUTOS = YES_AGGRESSIVE;
				GCC_WARN_UNUSED_FUNCTION = YES;
				GCC_WARN_UNUSED_VARIABLE = YES;
				MACOSX_DEPLOYMENT_TARGET = 10.12;
				MTL_ENABLE_DEBUG_INFO = YES;
				ONLY_ACTIVE_ARCH = YES;
				SDKROOT = macosx;
			};
			name = Debug;
		};
		327BAE501F16250300CE5E97 /* Release */ = {
			isa = XCBuildConfiguration;
			buildSettings = {
				ALWAYS_SEARCH_USER_PATHS = NO;
				CLANG_ANALYZER_NONNULL = YES;
				CLANG_ANALYZER_NUMBER_OBJECT_CONVERSION = YES_AGGRESSIVE;
				CLANG_CXX_LANGUAGE_STANDARD = "gnu++0x";
				CLANG_CXX_LIBRARY = "libc++";
				CLANG_ENABLE_MODULES = YES;
				CLANG_ENABLE_OBJC_ARC = YES;
				CLANG_WARN_BOOL_CONVERSION = YES;
				CLANG_WARN_CONSTANT_CONVERSION = YES;
				CLANG_WARN_DIRECT_OBJC_ISA_USAGE = YES_ERROR;
				CLANG_WARN_DOCUMENTATION_COMMENTS = YES;
				CLANG_WARN_EMPTY_BODY = YES;
				CLANG_WARN_ENUM_CONVERSION = YES;
				CLANG_WARN_INFINITE_RECURSION = YES;
				CLANG_WARN_INT_CONVERSION = YES;
				CLANG_WARN_OBJC_ROOT_CLASS = YES_ERROR;
				CLANG_WARN_SUSPICIOUS_MOVE = YES;
				CLANG_WARN_UNREACHABLE_CODE = YES;
				CLANG_WARN__DUPLICATE_METHOD_MATCH = YES;
				CODE_SIGN_IDENTITY = "-";
				COPY_PHASE_STRIP = NO;
				DEBUG_INFORMATION_FORMAT = "dwarf-with-dsym";
				ENABLE_NS_ASSERTIONS = NO;
				ENABLE_STRICT_OBJC_MSGSEND = YES;
				GCC_C_LANGUAGE_STANDARD = gnu99;
				GCC_NO_COMMON_BLOCKS = YES;
				GCC_WARN_64_TO_32_BIT_CONVERSION = YES;
				GCC_WARN_ABOUT_RETURN_TYPE = YES_ERROR;
				GCC_WARN_UNDECLARED_SELECTOR = YES;
				GCC_WARN_UNINITIALIZED_AUTOS = YES_AGGRESSIVE;
				GCC_WARN_UNUSED_FUNCTION = YES;
				GCC_WARN_UNUSED_VARIABLE = YES;
				MACOSX_DEPLOYMENT_TARGET = 10.12;
				MTL_ENABLE_DEBUG_INFO = NO;
				SDKROOT = macosx;
			};
			name = Release;
		};
		327BAE5C1F16284800CE5E97 /* Debug */ = {
			isa = XCBuildConfiguration;
			buildSettings = {
				DEVELOPMENT_TEAM = JW6AL86C37;
				PRODUCT_NAME = "$(TARGET_NAME)";
			};
			name = Debug;
		};
		327BAE5D1F16284800CE5E97 /* Release */ = {
			isa = XCBuildConfiguration;
			buildSettings = {
				DEVELOPMENT_TEAM = JW6AL86C37;
				PRODUCT_NAME = "$(TARGET_NAME)";
			};
			name = Release;
		};
/* End XCBuildConfiguration section */

/* Begin XCConfigurationList section */
		327BAE451F16250300CE5E97 /* Build configuration list for PBXProject "Export" */ = {
			isa = XCConfigurationList;
			buildConfigurations = (
				327BAE4F1F16250300CE5E97 /* Debug */,
				327BAE501F16250300CE5E97 /* Release */,
			);
			defaultConfigurationIsVisible = 0;
			defaultConfigurationName = Release;
		};
		327BAE5B1F16284800CE5E97 /* Build configuration list for PBXAggregateTarget "Export" */ = {
			isa = XCConfigurationList;
			buildConfigurations = (
				327BAE5C1F16284800CE5E97 /* Debug */,
				327BAE5D1F16284800CE5E97 /* Release */,
			);
			defaultConfigurationIsVisible = 0;
		};
/* End XCConfigurationList section */
	};
	rootObject = 327BAE421F16250300CE5E97 /* Project object */;
}
